
Microsoft Visual Studio Solution File, Format Version 12.00
# Visual Studio Version 17
VisualStudioVersion = 17.11.35327.3
MinimumVisualStudioVersion = 10.0.40219.1
Project("{FAE04EC0-301F-11D3-BF4B-00C04F79EFBC}") = "FinancialAnalysis", "FinancialAnalysis\FinancialAnalysis.csproj", "{17F44AF8-8664-4A76-A4E5-4DE3248FC3C0}"
EndProject
Global
	GlobalSection(SolutionConfigurationPlatforms) = preSolution
		Debug|Any CPU = Debug|Any CPU
		Release|Any CPU = Release|Any CPU
	EndGlobalSection
	GlobalSection(ProjectConfigurationPlatforms) = postSolution
		{17F44AF8-8664-4A76-A4E5-4DE3248FC3C0}.Debug|Any CPU.ActiveCfg = Debug|Any CPU
		{17F44AF8-8664-4A76-A4E5-4DE3248FC3C0}.Debug|Any CPU.Build.0 = Debug|Any CPU
		{17F44AF8-8664-4A76-A4E5-4DE3248FC3C0}.Release|Any CPU.ActiveCfg = Release|Any CPU
		{17F44AF8-8664-4A76-A4E5-4DE3248FC3C0}.Release|Any CPU.Build.0 = Release|Any CPU
	EndGlobalSection
	GlobalSection(SolutionProperties) = preSolution
		HideSolutionNode = FALSE
	EndGlobalSection
	GlobalSection(ExtensibilityGlobals) = postSolution
		SolutionGuid = {5EC7D6D8-71D2-44AE-86E8-AF30F39D5893}
	EndGlobalSection
EndGlobal
