
Microsoft Visual Studio Solution File, Format Version 12.00
# Visual Studio Version 17
VisualStudioVersion = 17.3.32804.467
MinimumVisualStudioVersion = 10.0.40219.1
Project("{FAE04EC0-301F-11D3-BF4B-00C04F79EFBC}") = "AutoSalon", "AutoSalon.csproj", "{9F5FE812-B159-447C-9B24-2DE89D23FB60}"
EndProject
Global
	GlobalSection(SolutionConfigurationPlatforms) = preSolution
		Debug|Any CPU = Debug|Any CPU
		Release|Any CPU = Release|Any CPU
	EndGlobalSection
	GlobalSection(ProjectConfigurationPlatforms) = postSolution
		{9F5FE812-B159-447C-9B24-2DE89D23FB60}.Debug|Any CPU.ActiveCfg = Debug|Any CPU
		{9F5FE812-B159-447C-9B24-2DE89D23FB60}.Debug|Any CPU.Build.0 = Debug|Any CPU
		{9F5FE812-B159-447C-9B24-2DE89D23FB60}.Release|Any CPU.ActiveCfg = Release|Any CPU
		{9F5FE812-B159-447C-9B24-2DE89D23FB60}.Release|Any CPU.Build.0 = Release|Any CPU
	EndGlobalSection
	GlobalSection(SolutionProperties) = preSolution
		HideSolutionNode = FALSE
	EndGlobalSection
	GlobalSection(ExtensibilityGlobals) = postSolution
		SolutionGuid = {431234FD-EB39-4BC9-A4B1-8C08C37AAB9B}
	EndGlobalSection
EndGlobal
